// !$*UTF8*$!
{
	archiveVersion = 1;
	classes = {
	};
	objectVersion = 46;
	objects = {

/* Begin PBXBuildFile section */
		C581884B1B3347E4006E20C1 /* AppDelegate.swift in Sources */ = {isa = PBXBuildFile; fileRef = C581884A1B3347E4006E20C1 /* AppDelegate.swift */; };
		C581884D1B3347E4006E20C1 /* ViewController.swift in Sources */ = {isa = PBXBuildFile; fileRef = C581884C1B3347E4006E20C1 /* ViewController.swift */; };
		C58188501B3347E4006E20C1 /* Main.storyboard in Resources */ = {isa = PBXBuildFile; fileRef = C581884E1B3347E4006E20C1 /* Main.storyboard */; };
		C58188521B3347E4006E20C1 /* Images.xcassets in Resources */ = {isa = PBXBuildFile; fileRef = C58188511B3347E4006E20C1 /* Images.xcassets */; };
		C58188551B3347E4006E20C1 /* LaunchScreen.xib in Resources */ = {isa = PBXBuildFile; fileRef = C58188531B3347E4006E20C1 /* LaunchScreen.xib */; };
		C58188611B3347E4006E20C1 /* T1E2JuanGarciaTests.swift in Sources */ = {isa = PBXBuildFile; fileRef = C58188601B3347E4006E20C1 /* T1E2JuanGarciaTests.swift */; };
/* End PBXBuildFile section */

/* Begin PBXContainerItemProxy section */
		C581885B1B3347E4006E20C1 /* PBXContainerItemProxy */ = {
			isa = PBXContainerItemProxy;
			containerPortal = C581883D1B3347E4006E20C1 /* Project object */;
			proxyType = 1;
			remoteGlobalIDString = C58188441B3347E4006E20C1;
			remoteInfo = T1E2JuanGarcia;
		};
/* End PBXContainerItemProxy section */

/* Begin PBXFileReference section */
		C58188451B3347E4006E20C1 /* T1E2JuanGarcia.app */ = {isa = PBXFileReference; explicitFileType = wrapper.application; includeInIndex = 0; path = T1E2JuanGarcia.app; sourceTree = BUILT_PRODUCTS_DIR; };
		C58188491B3347E4006E20C1 /* Info.plist */ = {isa = PBXFileReference; lastKnownFileType = text.plist.xml; path = Info.plist; sourceTree = "<group>"; };
		C581884A1B3347E4006E20C1 /* AppDelegate.swift */ = {isa = PBXFileReference; lastKnownFileType = sourcecode.swift; path = AppDelegate.swift; sourceTree = "<group>"; };
		C581884C1B3347E4006E20C1 /* ViewController.swift */ = {isa = PBXFileReference; lastKnownFileType = sourcecode.swift; path = ViewController.swift; sourceTree = "<group>"; };
		C581884F1B3347E4006E20C1 /* Base */ = {isa = PBXFileReference; lastKnownFileType = file.storyboard; name = Base; path = Base.lproj/Main.storyboard; sourceTree = "<group>"; };
		C58188511B3347E4006E20C1 /* Images.xcassets */ = {isa = PBXFileReference; lastKnownFileType = folder.assetcatalog; path = Images.xcassets; sourceTree = "<group>"; };
		C58188541B3347E4006E20C1 /* Base */ = {isa = PBXFileReference; lastKnownFileType = file.xib; name = Base; path = Base.lproj/LaunchScreen.xib; sourceTree = "<group>"; };
		C581885A1B3347E4006E20C1 /* T1E2JuanGarciaTests.xctest */ = {isa = PBXFileReference; explicitFileType = wrapper.cfbundle; includeInIndex = 0; path = T1E2JuanGarciaTests.xctest; sourceTree = BUILT_PRODUCTS_DIR; };
		C581885F1B3347E4006E20C1 /* Info.plist */ = {isa = PBXFileReference; lastKnownFileType = text.plist.xml; path = Info.plist; sourceTree = "<group>"; };
		C58188601B3347E4006E20C1 /* T1E2JuanGarciaTests.swift */ = {isa = PBXFileReference; lastKnownFileType = sourcecode.swift; path = T1E2JuanGarciaTests.swift; sourceTree = "<group>"; };
/* End PBXFileReference section */

/* Begin PBXFrameworksBuildPhase section */
		C58188421B3347E4006E20C1 /* Frameworks */ = {
			isa = PBXFrameworksBuildPhase;
			buildActionMask = 2147483647;
			files = (
			);
			runOnlyForDeploymentPostprocessing = 0;
		};
		C58188571B3347E4006E20C1 /* Frameworks */ = {
			isa = PBXFrameworksBuildPhase;
			buildActionMask = 2147483647;
			files = (
			);
			runOnlyForDeploymentPostprocessing = 0;
		};
/* End PBXFrameworksBuildPhase section */

/* Begin PBXGroup section */
		C581883C1B3347E4006E20C1 = {
			isa = PBXGroup;
			children = (
				C58188471B3347E4006E20C1 /* T1E2JuanGarcia */,
				C581885D1B3347E4006E20C1 /* T1E2JuanGarciaTests */,
				C58188461B3347E4006E20C1 /* Products */,
			);
			sourceTree = "<group>";
		};
		C58188461B3347E4006E20C1 /* Products */ = {
			isa = PBXGroup;
			children = (
				C58188451B3347E4006E20C1 /* T1E2JuanGarcia.app */,
				C581885A1B3347E4006E20C1 /* T1E2JuanGarciaTests.xctest */,
			);
			name = Products;
			sourceTree = "<group>";
		};
		C58188471B3347E4006E20C1 /* T1E2JuanGarcia */ = {
			isa = PBXGroup;
			children = (
				C581884A1B3347E4006E20C1 /* AppDelegate.swift */,
				C581884C1B3347E4006E20C1 /* ViewController.swift */,
				C581884E1B3347E4006E20C1 /* Main.storyboard */,
				C58188511B3347E4006E20C1 /* Images.xcassets */,
				C58188531B3347E4006E20C1 /* LaunchScreen.xib */,
				C58188481B3347E4006E20C1 /* Supporting Files */,
			);
			path = T1E2JuanGarcia;
			sourceTree = "<group>";
		};
		C58188481B3347E4006E20C1 /* Supporting Files */ = {
			isa = PBXGroup;
			children = (
				C58188491B3347E4006E20C1 /* Info.plist */,
			);
			name = "Supporting Files";
			sourceTree = "<group>";
		};
		C581885D1B3347E4006E20C1 /* T1E2JuanGarciaTests */ = {
			isa = PBXGroup;
			children = (
				C58188601B3347E4006E20C1 /* T1E2JuanGarciaTests.swift */,
				C581885E1B3347E4006E20C1 /* Supporting Files */,
			);
			path = T1E2JuanGarciaTests;
			sourceTree = "<group>";
		};
		C581885E1B3347E4006E20C1 /* Supporting Files */ = {
			isa = PBXGroup;
			children = (
				C581885F1B3347E4006E20C1 /* Info.plist */,
			);
			name = "Supporting Files";
			sourceTree = "<group>";
		};
/* End PBXGroup section */

/* Begin PBXNativeTarget section */
		C58188441B3347E4006E20C1 /* T1E2JuanGarcia */ = {
			isa = PBXNativeTarget;
			buildConfigurationList = C58188641B3347E4006E20C1 /* Build configuration list for PBXNativeTarget "T1E2JuanGarcia" */;
			buildPhases = (
				C58188411B3347E4006E20C1 /* Sources */,
				C58188421B3347E4006E20C1 /* Frameworks */,
				C58188431B3347E4006E20C1 /* Resources */,
			);
			buildRules = (
			);
			dependencies = (
			);
			name = T1E2JuanGarcia;
			productName = T1E2JuanGarcia;
			productReference = C58188451B3347E4006E20C1 /* T1E2JuanGarcia.app */;
			productType = "com.apple.product-type.application";
		};
		C58188591B3347E4006E20C1 /* T1E2JuanGarciaTests */ = {
			isa = PBXNativeTarget;
			buildConfigurationList = C58188671B3347E4006E20C1 /* Build configuration list for PBXNativeTarget "T1E2JuanGarciaTests" */;
			buildPhases = (
				C58188561B3347E4006E20C1 /* Sources */,
				C58188571B3347E4006E20C1 /* Frameworks */,
				C58188581B3347E4006E20C1 /* Resources */,
			);
			buildRules = (
			);
			dependencies = (
				C581885C1B3347E4006E20C1 /* PBXTargetDependency */,
			);
			name = T1E2JuanGarciaTests;
			productName = T1E2JuanGarciaTests;
			productReference = C581885A1B3347E4006E20C1 /* T1E2JuanGarciaTests.xctest */;
			productType = "com.apple.product-type.bundle.unit-test";
		};
/* End PBXNativeTarget section */

/* Begin PBXProject section */
		C581883D1B3347E4006E20C1 /* Project object */ = {
			isa = PBXProject;
			attributes = {
				LastUpgradeCheck = 0630;
				ORGANIZATIONNAME = jgd;
				TargetAttributes = {
					C58188441B3347E4006E20C1 = {
						CreatedOnToolsVersion = 6.3.2;
					};
					C58188591B3347E4006E20C1 = {
						CreatedOnToolsVersion = 6.3.2;
						TestTargetID = C58188441B3347E4006E20C1;
					};
				};
			};
			buildConfigurationList = C58188401B3347E4006E20C1 /* Build configuration list for PBXProject "T1E2JuanGarcia" */;
			compatibilityVersion = "Xcode 3.2";
			developmentRegion = English;
			hasScannedForEncodings = 0;
			knownRegions = (
				en,
				Base,
			);
			mainGroup = C581883C1B3347E4006E20C1;
			productRefGroup = C58188461B3347E4006E20C1 /* Products */;
			projectDirPath = "";
			projectRoot = "";
			targets = (
				C58188441B3347E4006E20C1 /* T1E2JuanGarcia */,
				C58188591B3347E4006E20C1 /* T1E2JuanGarciaTests */,
			);
		};
/* End PBXProject section */

/* Begin PBXResourcesBuildPhase section */
		C58188431B3347E4006E20C1 /* Resources */ = {
			isa = PBXResourcesBuildPhase;
			buildActionMask = 2147483647;
			files = (
				C58188501B3347E4006E20C1 /* Main.storyboard in Resources */,
				C58188551B3347E4006E20C1 /* LaunchScreen.xib in Resources */,
				C58188521B3347E4006E20C1 /* Images.xcassets in Resources */,
			);
			runOnlyForDeploymentPostprocessing = 0;
		};
		C58188581B3347E4006E20C1 /* Resources */ = {
			isa = PBXResourcesBuildPhase;
			buildActionMask = 2147483647;
			files = (
			);
			runOnlyForDeploymentPostprocessing = 0;
		};
/* End PBXResourcesBuildPhase section */

/* Begin PBXSourcesBuildPhase section */
		C58188411B3347E4006E20C1 /* Sources */ = {
			isa = PBXSourcesBuildPhase;
			buildActionMask = 2147483647;
			files = (
				C581884D1B3347E4006E20C1 /* ViewController.swift in Sources */,
				C581884B1B3347E4006E20C1 /* AppDelegate.swift in Sources */,
			);
			runOnlyForDeploymentPostprocessing = 0;
		};
		C58188561B3347E4006E20C1 /* Sources */ = {
			isa = PBXSourcesBuildPhase;
			buildActionMask = 2147483647;
			files = (
				C58188611B3347E4006E20C1 /* T1E2JuanGarciaTests.swift in Sources */,
			);
			runOnlyForDeploymentPostprocessing = 0;
		};
/* End PBXSourcesBuildPhase section */

/* Begin PBXTargetDependency section */
		C581885C1B3347E4006E20C1 /* PBXTargetDependency */ = {
			isa = PBXTargetDependency;
			target = C58188441B3347E4006E20C1 /* T1E2JuanGarcia */;
			targetProxy = C581885B1B3347E4006E20C1 /* PBXContainerItemProxy */;
		};
/* End PBXTargetDependency section */

/* Begin PBXVariantGroup section */
		C581884E1B3347E4006E20C1 /* Main.storyboard */ = {
			isa = PBXVariantGroup;
			children = (
				C581884F1B3347E4006E20C1 /* Base */,
			);
			name = Main.storyboard;
			sourceTree = "<group>";
		};
		C58188531B3347E4006E20C1 /* LaunchScreen.xib */ = {
			isa = PBXVariantGroup;
			children = (
				C58188541B3347E4006E20C1 /* Base */,
			);
			name = LaunchScreen.xib;
			sourceTree = "<group>";
		};
/* End PBXVariantGroup section */

/* Begin XCBuildConfiguration section */
		C58188621B3347E4006E20C1 /* Debug */ = {
			isa = XCBuildConfiguration;
			buildSettings = {
				ALWAYS_SEARCH_USER_PATHS = NO;
				CLANG_CXX_LANGUAGE_STANDARD = "gnu++0x";
				CLANG_CXX_LIBRARY = "libc++";
				CLANG_ENABLE_MODULES = YES;
				CLANG_ENABLE_OBJC_ARC = YES;
				CLANG_WARN_BOOL_CONVERSION = YES;
				CLANG_WARN_CONSTANT_CONVERSION = YES;
				CLANG_WARN_DIRECT_OBJC_ISA_USAGE = YES_ERROR;
				CLANG_WARN_EMPTY_BODY = YES;
				CLANG_WARN_ENUM_CONVERSION = YES;
				CLANG_WARN_INT_CONVERSION = YES;
				CLANG_WARN_OBJC_ROOT_CLASS = YES_ERROR;
				CLANG_WARN_UNREACHABLE_CODE = YES;
				CLANG_WARN__DUPLICATE_METHOD_MATCH = YES;
				"CODE_SIGN_IDENTITY[sdk=iphoneos*]" = "iPhone Developer";
				COPY_PHASE_STRIP = NO;
				DEBUG_INFORMATION_FORMAT = "dwarf-with-dsym";
				ENABLE_STRICT_OBJC_MSGSEND = YES;
				GCC_C_LANGUAGE_STANDARD = gnu99;
				GCC_DYNAMIC_NO_PIC = NO;
				GCC_NO_COMMON_BLOCKS = YES;
				GCC_OPTIMIZATION_LEVEL = 0;
				GCC_PREPROCESSOR_DEFINITIONS = (
					"DEBUG=1",
					"$(inherited)",
				);
				GCC_SYMBOLS_PRIVATE_EXTERN = NO;
				GCC_WARN_64_TO_32_BIT_CONVERSION = YES;
				GCC_WARN_ABOUT_RETURN_TYPE = YES_ERROR;
				GCC_WARN_UNDECLARED_SELECTOR = YES;
				GCC_WARN_UNINITIALIZED_AUTOS = YES_AGGRESSIVE;
				GCC_WARN_UNUSED_FUNCTION = YES;
				GCC_WARN_UNUSED_VARIABLE = YES;
				IPHONEOS_DEPLOYMENT_TARGET = 8.3;
				MTL_ENABLE_DEBUG_INFO = YES;
				ONLY_ACTIVE_ARCH = YES;
				SDKROOT = iphoneos;
				SWIFT_OPTIMIZATION_LEVEL = "-Onone";
			};
			name = Debug;
		};
		C58188631B3347E4006E20C1 /* Release */ = {
			isa = XCBuildConfiguration;
			buildSettings = {
				ALWAYS_SEARCH_USER_PATHS = NO;
				CLANG_CXX_LANGUAGE_STANDARD = "gnu++0x";
				CLANG_CXX_LIBRARY = "libc++";
				CLANG_ENABLE_MODULES = YES;
				CLANG_ENABLE_OBJC_ARC = YES;
				CLANG_WARN_BOOL_CONVERSION = YES;
				CLANG_WARN_CONSTANT_CONVERSION = YES;
				CLANG_WARN_DIRECT_OBJC_ISA_USAGE = YES_ERROR;
				CLANG_WARN_EMPTY_BODY = YES;
				CLANG_WARN_ENUM_CONVERSION = YES;
				CLANG_WARN_INT_CONVERSION = YES;
				CLANG_WARN_OBJC_ROOT_CLASS = YES_ERROR;
				CLANG_WARN_UNREACHABLE_CODE = YES;
				CLANG_WARN__DUPLICATE_METHOD_MATCH = YES;
				"CODE_SIGN_IDENTITY[sdk=iphoneos*]" = "iPhone Developer";
				COPY_PHASE_STRIP = NO;
				DEBUG_INFORMATION_FORMAT = "dwarf-with-dsym";
				ENABLE_NS_ASSERTIONS = NO;
				ENABLE_STRICT_OBJC_MSGSEND = YES;
				GCC_C_LANGUAGE_STANDARD = gnu99;
				GCC_NO_COMMON_BLOCKS = YES;
				GCC_WARN_64_TO_32_BIT_CONVERSION = YES;
				GCC_WARN_ABOUT_RETURN_TYPE = YES_ERROR;
				GCC_WARN_UNDECLARED_SELECTOR = YES;
				GCC_WARN_UNINITIALIZED_AUTOS = YES_AGGRESSIVE;
				GCC_WARN_UNUSED_FUNCTION = YES;
				GCC_WARN_UNUSED_VARIABLE = YES;
				IPHONEOS_DEPLOYMENT_TARGET = 8.3;
				MTL_ENABLE_DEBUG_INFO = NO;
				SDKROOT = iphoneos;
				VALIDATE_PRODUCT = YES;
			};
			name = Release;
		};
		C58188651B3347E4006E20C1 /* Debug */ = {
			isa = XCBuildConfiguration;
			buildSettings = {
				ASSETCATALOG_COMPILER_APPICON_NAME = AppIcon;
				INFOPLIST_FILE = T1E2JuanGarcia/Info.plist;
				LD_RUNPATH_SEARCH_PATHS = "$(inherited) @executable_path/Frameworks";
				PRODUCT_NAME = "$(TARGET_NAME)";
			};
			name = Debug;
		};
		C58188661B3347E4006E20C1 /* Release */ = {
			isa = XCBuildConfiguration;
			buildSettings = {
				ASSETCATALOG_COMPILER_APPICON_NAME = AppIcon;
				INFOPLIST_FILE = T1E2JuanGarcia/Info.plist;
				LD_RUNPATH_SEARCH_PATHS = "$(inherited) @executable_path/Frameworks";
				PRODUCT_NAME = "$(TARGET_NAME)";
			};
			name = Release;
		};
		C58188681B3347E4006E20C1 /* Debug */ = {
			isa = XCBuildConfiguration;
			buildSettings = {
				BUNDLE_LOADER = "$(TEST_HOST)";
				FRAMEWORK_SEARCH_PATHS = (
					"$(SDKROOT)/Developer/Library/Frameworks",
					"$(inherited)",
				);
				GCC_PREPROCESSOR_DEFINITIONS = (
					"DEBUG=1",
					"$(inherited)",
				);
				INFOPLIST_FILE = T1E2JuanGarciaTests/Info.plist;
				LD_RUNPATH_SEARCH_PATHS = "$(inherited) @executable_path/Frameworks @loader_path/Frameworks";
				PRODUCT_NAME = "$(TARGET_NAME)";
				TEST_HOST = "$(BUILT_PRODUCTS_DIR)/T1E2JuanGarcia.app/T1E2JuanGarcia";
			};
			name = Debug;
		};
		C58188691B3347E4006E20C1 /* Release */ = {
			isa = XCBuildConfiguration;
			buildSettings = {
				BUNDLE_LOADER = "$(TEST_HOST)";
				FRAMEWORK_SEARCH_PATHS = (
					"$(SDKROOT)/Developer/Library/Frameworks",
					"$(inherited)",
				);
				INFOPLIST_FILE = T1E2JuanGarciaTests/Info.plist;
				LD_RUNPATH_SEARCH_PATHS = "$(inherited) @executable_path/Frameworks @loader_path/Frameworks";
				PRODUCT_NAME = "$(TARGET_NAME)";
				TEST_HOST = "$(BUILT_PRODUCTS_DIR)/T1E2JuanGarcia.app/T1E2JuanGarcia";
			};
			name = Release;
		};
/* End XCBuildConfiguration section */

/* Begin XCConfigurationList section */
		C58188401B3347E4006E20C1 /* Build configuration list for PBXProject "T1E2JuanGarcia" */ = {
			isa = XCConfigurationList;
			buildConfigurations = (
				C58188621B3347E4006E20C1 /* Debug */,
				C58188631B3347E4006E20C1 /* Release */,
			);
			defaultConfigurationIsVisible = 0;
			defaultConfigurationName = Release;
		};
		C58188641B3347E4006E20C1 /* Build configuration list for PBXNativeTarget "T1E2JuanGarcia" */ = {
			isa = XCConfigurationList;
			buildConfigurations = (
				C58188651B3347E4006E20C1 /* Debug */,
				C58188661B3347E4006E20C1 /* Release */,
			);
			defaultConfigurationIsVisible = 0;
		};
		C58188671B3347E4006E20C1 /* Build configuration list for PBXNativeTarget "T1E2JuanGarciaTests" */ = {
			isa = XCConfigurationList;
			buildConfigurations = (
				C58188681B3347E4006E20C1 /* Debug */,
				C58188691B3347E4006E20C1 /* Release */,
			);
			defaultConfigurationIsVisible = 0;
		};
/* End XCConfigurationList section */
	};
	rootObject = C581883D1B3347E4006E20C1 /* Project object */;
}
