// !$*UTF8*$!
{
	archiveVersion = 1;
	classes = {
	};
	objectVersion = 46;
	objects = {

/* Begin PBXBuildFile section */
		C58188791B33741D006E20C1 /* AppDelegate.swift in Sources */ = {isa = PBXBuildFile; fileRef = C58188781B33741D006E20C1 /* AppDelegate.swift */; };
		C581887B1B33741D006E20C1 /* ViewController.swift in Sources */ = {isa = PBXBuildFile; fileRef = C581887A1B33741D006E20C1 /* ViewController.swift */; };
		C581887E1B33741D006E20C1 /* Main.storyboard in Resources */ = {isa = PBXBuildFile; fileRef = C581887C1B33741D006E20C1 /* Main.storyboard */; };
		C58188801B33741D006E20C1 /* Images.xcassets in Resources */ = {isa = PBXBuildFile; fileRef = C581887F1B33741D006E20C1 /* Images.xcassets */; };
		C58188831B33741D006E20C1 /* LaunchScreen.xib in Resources */ = {isa = PBXBuildFile; fileRef = C58188811B33741D006E20C1 /* LaunchScreen.xib */; };
		C581888F1B33741D006E20C1 /* T1E3JuanGarciaTests.swift in Sources */ = {isa = PBXBuildFile; fileRef = C581888E1B33741D006E20C1 /* T1E3JuanGarciaTests.swift */; };
/* End PBXBuildFile section */

/* Begin PBXContainerItemProxy section */
		C58188891B33741D006E20C1 /* PBXContainerItemProxy */ = {
			isa = PBXContainerItemProxy;
			containerPortal = C581886B1B33741D006E20C1 /* Project object */;
			proxyType = 1;
			remoteGlobalIDString = C58188721B33741D006E20C1;
			remoteInfo = T1E3JuanGarcia;
		};
/* End PBXContainerItemProxy section */

/* Begin PBXFileReference section */
		C58188731B33741D006E20C1 /* T1E3JuanGarcia.app */ = {isa = PBXFileReference; explicitFileType = wrapper.application; includeInIndex = 0; path = T1E3JuanGarcia.app; sourceTree = BUILT_PRODUCTS_DIR; };
		C58188771B33741D006E20C1 /* Info.plist */ = {isa = PBXFileReference; lastKnownFileType = text.plist.xml; path = Info.plist; sourceTree = "<group>"; };
		C58188781B33741D006E20C1 /* AppDelegate.swift */ = {isa = PBXFileReference; lastKnownFileType = sourcecode.swift; path = AppDelegate.swift; sourceTree = "<group>"; };
		C581887A1B33741D006E20C1 /* ViewController.swift */ = {isa = PBXFileReference; lastKnownFileType = sourcecode.swift; path = ViewController.swift; sourceTree = "<group>"; };
		C581887D1B33741D006E20C1 /* Base */ = {isa = PBXFileReference; lastKnownFileType = file.storyboard; name = Base; path = Base.lproj/Main.storyboard; sourceTree = "<group>"; };
		C581887F1B33741D006E20C1 /* Images.xcassets */ = {isa = PBXFileReference; lastKnownFileType = folder.assetcatalog; path = Images.xcassets; sourceTree = "<group>"; };
		C58188821B33741D006E20C1 /* Base */ = {isa = PBXFileReference; lastKnownFileType = file.xib; name = Base; path = Base.lproj/LaunchScreen.xib; sourceTree = "<group>"; };
		C58188881B33741D006E20C1 /* T1E3JuanGarciaTests.xctest */ = {isa = PBXFileReference; explicitFileType = wrapper.cfbundle; includeInIndex = 0; path = T1E3JuanGarciaTests.xctest; sourceTree = BUILT_PRODUCTS_DIR; };
		C581888D1B33741D006E20C1 /* Info.plist */ = {isa = PBXFileReference; lastKnownFileType = text.plist.xml; path = Info.plist; sourceTree = "<group>"; };
		C581888E1B33741D006E20C1 /* T1E3JuanGarciaTests.swift */ = {isa = PBXFileReference; lastKnownFileType = sourcecode.swift; path = T1E3JuanGarciaTests.swift; sourceTree = "<group>"; };
/* End PBXFileReference section */

/* Begin PBXFrameworksBuildPhase section */
		C58188701B33741D006E20C1 /* Frameworks */ = {
			isa = PBXFrameworksBuildPhase;
			buildActionMask = 2147483647;
			files = (
			);
			runOnlyForDeploymentPostprocessing = 0;
		};
		C58188851B33741D006E20C1 /* Frameworks */ = {
			isa = PBXFrameworksBuildPhase;
			buildActionMask = 2147483647;
			files = (
			);
			runOnlyForDeploymentPostprocessing = 0;
		};
/* End PBXFrameworksBuildPhase section */

/* Begin PBXGroup section */
		C581886A1B33741D006E20C1 = {
			isa = PBXGroup;
			children = (
				C58188751B33741D006E20C1 /* T1E3JuanGarcia */,
				C581888B1B33741D006E20C1 /* T1E3JuanGarciaTests */,
				C58188741B33741D006E20C1 /* Products */,
			);
			sourceTree = "<group>";
		};
		C58188741B33741D006E20C1 /* Products */ = {
			isa = PBXGroup;
			children = (
				C58188731B33741D006E20C1 /* T1E3JuanGarcia.app */,
				C58188881B33741D006E20C1 /* T1E3JuanGarciaTests.xctest */,
			);
			name = Products;
			sourceTree = "<group>";
		};
		C58188751B33741D006E20C1 /* T1E3JuanGarcia */ = {
			isa = PBXGroup;
			children = (
				C58188781B33741D006E20C1 /* AppDelegate.swift */,
				C581887A1B33741D006E20C1 /* ViewController.swift */,
				C581887C1B33741D006E20C1 /* Main.storyboard */,
				C581887F1B33741D006E20C1 /* Images.xcassets */,
				C58188811B33741D006E20C1 /* LaunchScreen.xib */,
				C58188761B33741D006E20C1 /* Supporting Files */,
			);
			path = T1E3JuanGarcia;
			sourceTree = "<group>";
		};
		C58188761B33741D006E20C1 /* Supporting Files */ = {
			isa = PBXGroup;
			children = (
				C58188771B33741D006E20C1 /* Info.plist */,
			);
			name = "Supporting Files";
			sourceTree = "<group>";
		};
		C581888B1B33741D006E20C1 /* T1E3JuanGarciaTests */ = {
			isa = PBXGroup;
			children = (
				C581888E1B33741D006E20C1 /* T1E3JuanGarciaTests.swift */,
				C581888C1B33741D006E20C1 /* Supporting Files */,
			);
			path = T1E3JuanGarciaTests;
			sourceTree = "<group>";
		};
		C581888C1B33741D006E20C1 /* Supporting Files */ = {
			isa = PBXGroup;
			children = (
				C581888D1B33741D006E20C1 /* Info.plist */,
			);
			name = "Supporting Files";
			sourceTree = "<group>";
		};
/* End PBXGroup section */

/* Begin PBXNativeTarget section */
		C58188721B33741D006E20C1 /* T1E3JuanGarcia */ = {
			isa = PBXNativeTarget;
			buildConfigurationList = C58188921B33741D006E20C1 /* Build configuration list for PBXNativeTarget "T1E3JuanGarcia" */;
			buildPhases = (
				C581886F1B33741D006E20C1 /* Sources */,
				C58188701B33741D006E20C1 /* Frameworks */,
				C58188711B33741D006E20C1 /* Resources */,
			);
			buildRules = (
			);
			dependencies = (
			);
			name = T1E3JuanGarcia;
			productName = T1E3JuanGarcia;
			productReference = C58188731B33741D006E20C1 /* T1E3JuanGarcia.app */;
			productType = "com.apple.product-type.application";
		};
		C58188871B33741D006E20C1 /* T1E3JuanGarciaTests */ = {
			isa = PBXNativeTarget;
			buildConfigurationList = C58188951B33741D006E20C1 /* Build configuration list for PBXNativeTarget "T1E3JuanGarciaTests" */;
			buildPhases = (
				C58188841B33741D006E20C1 /* Sources */,
				C58188851B33741D006E20C1 /* Frameworks */,
				C58188861B33741D006E20C1 /* Resources */,
			);
			buildRules = (
			);
			dependencies = (
				C581888A1B33741D006E20C1 /* PBXTargetDependency */,
			);
			name = T1E3JuanGarciaTests;
			productName = T1E3JuanGarciaTests;
			productReference = C58188881B33741D006E20C1 /* T1E3JuanGarciaTests.xctest */;
			productType = "com.apple.product-type.bundle.unit-test";
		};
/* End PBXNativeTarget section */

/* Begin PBXProject section */
		C581886B1B33741D006E20C1 /* Project object */ = {
			isa = PBXProject;
			attributes = {
				LastUpgradeCheck = 0630;
				ORGANIZATIONNAME = jgd;
				TargetAttributes = {
					C58188721B33741D006E20C1 = {
						CreatedOnToolsVersion = 6.3.2;
					};
					C58188871B33741D006E20C1 = {
						CreatedOnToolsVersion = 6.3.2;
						TestTargetID = C58188721B33741D006E20C1;
					};
				};
			};
			buildConfigurationList = C581886E1B33741D006E20C1 /* Build configuration list for PBXProject "T1E3JuanGarcia" */;
			compatibilityVersion = "Xcode 3.2";
			developmentRegion = English;
			hasScannedForEncodings = 0;
			knownRegions = (
				en,
				Base,
			);
			mainGroup = C581886A1B33741D006E20C1;
			productRefGroup = C58188741B33741D006E20C1 /* Products */;
			projectDirPath = "";
			projectRoot = "";
			targets = (
				C58188721B33741D006E20C1 /* T1E3JuanGarcia */,
				C58188871B33741D006E20C1 /* T1E3JuanGarciaTests */,
			);
		};
/* End PBXProject section */

/* Begin PBXResourcesBuildPhase section */
		C58188711B33741D006E20C1 /* Resources */ = {
			isa = PBXResourcesBuildPhase;
			buildActionMask = 2147483647;
			files = (
				C581887E1B33741D006E20C1 /* Main.storyboard in Resources */,
				C58188831B33741D006E20C1 /* LaunchScreen.xib in Resources */,
				C58188801B33741D006E20C1 /* Images.xcassets in Resources */,
			);
			runOnlyForDeploymentPostprocessing = 0;
		};
		C58188861B33741D006E20C1 /* Resources */ = {
			isa = PBXResourcesBuildPhase;
			buildActionMask = 2147483647;
			files = (
			);
			runOnlyForDeploymentPostprocessing = 0;
		};
/* End PBXResourcesBuildPhase section */

/* Begin PBXSourcesBuildPhase section */
		C581886F1B33741D006E20C1 /* Sources */ = {
			isa = PBXSourcesBuildPhase;
			buildActionMask = 2147483647;
			files = (
				C581887B1B33741D006E20C1 /* ViewController.swift in Sources */,
				C58188791B33741D006E20C1 /* AppDelegate.swift in Sources */,
			);
			runOnlyForDeploymentPostprocessing = 0;
		};
		C58188841B33741D006E20C1 /* Sources */ = {
			isa = PBXSourcesBuildPhase;
			buildActionMask = 2147483647;
			files = (
				C581888F1B33741D006E20C1 /* T1E3JuanGarciaTests.swift in Sources */,
			);
			runOnlyForDeploymentPostprocessing = 0;
		};
/* End PBXSourcesBuildPhase section */

/* Begin PBXTargetDependency section */
		C581888A1B33741D006E20C1 /* PBXTargetDependency */ = {
			isa = PBXTargetDependency;
			target = C58188721B33741D006E20C1 /* T1E3JuanGarcia */;
			targetProxy = C58188891B33741D006E20C1 /* PBXContainerItemProxy */;
		};
/* End PBXTargetDependency section */

/* Begin PBXVariantGroup section */
		C581887C1B33741D006E20C1 /* Main.storyboard */ = {
			isa = PBXVariantGroup;
			children = (
				C581887D1B33741D006E20C1 /* Base */,
			);
			name = Main.storyboard;
			sourceTree = "<group>";
		};
		C58188811B33741D006E20C1 /* LaunchScreen.xib */ = {
			isa = PBXVariantGroup;
			children = (
				C58188821B33741D006E20C1 /* Base */,
			);
			name = LaunchScreen.xib;
			sourceTree = "<group>";
		};
/* End PBXVariantGroup section */

/* Begin XCBuildConfiguration section */
		C58188901B33741D006E20C1 /* Debug */ = {
			isa = XCBuildConfiguration;
			buildSettings = {
				ALWAYS_SEARCH_USER_PATHS = NO;
				CLANG_CXX_LANGUAGE_STANDARD = "gnu++0x";
				CLANG_CXX_LIBRARY = "libc++";
				CLANG_ENABLE_MODULES = YES;
				CLANG_ENABLE_OBJC_ARC = YES;
				CLANG_WARN_BOOL_CONVERSION = YES;
				CLANG_WARN_CONSTANT_CONVERSION = YES;
				CLANG_WARN_DIRECT_OBJC_ISA_USAGE = YES_ERROR;
				CLANG_WARN_EMPTY_BODY = YES;
				CLANG_WARN_ENUM_CONVERSION = YES;
				CLANG_WARN_INT_CONVERSION = YES;
				CLANG_WARN_OBJC_ROOT_CLASS = YES_ERROR;
				CLANG_WARN_UNREACHABLE_CODE = YES;
				CLANG_WARN__DUPLICATE_METHOD_MATCH = YES;
				"CODE_SIGN_IDENTITY[sdk=iphoneos*]" = "iPhone Developer";
				COPY_PHASE_STRIP = NO;
				DEBUG_INFORMATION_FORMAT = "dwarf-with-dsym";
				ENABLE_STRICT_OBJC_MSGSEND = YES;
				GCC_C_LANGUAGE_STANDARD = gnu99;
				GCC_DYNAMIC_NO_PIC = NO;
				GCC_NO_COMMON_BLOCKS = YES;
				GCC_OPTIMIZATION_LEVEL = 0;
				GCC_PREPROCESSOR_DEFINITIONS = (
					"DEBUG=1",
					"$(inherited)",
				);
				GCC_SYMBOLS_PRIVATE_EXTERN = NO;
				GCC_WARN_64_TO_32_BIT_CONVERSION = YES;
				GCC_WARN_ABOUT_RETURN_TYPE = YES_ERROR;
				GCC_WARN_UNDECLARED_SELECTOR = YES;
				GCC_WARN_UNINITIALIZED_AUTOS = YES_AGGRESSIVE;
				GCC_WARN_UNUSED_FUNCTION = YES;
				GCC_WARN_UNUSED_VARIABLE = YES;
				IPHONEOS_DEPLOYMENT_TARGET = 8.3;
				MTL_ENABLE_DEBUG_INFO = YES;
				ONLY_ACTIVE_ARCH = YES;
				SDKROOT = iphoneos;
				SWIFT_OPTIMIZATION_LEVEL = "-Onone";
			};
			name = Debug;
		};
		C58188911B33741D006E20C1 /* Release */ = {
			isa = XCBuildConfiguration;
			buildSettings = {
				ALWAYS_SEARCH_USER_PATHS = NO;
				CLANG_CXX_LANGUAGE_STANDARD = "gnu++0x";
				CLANG_CXX_LIBRARY = "libc++";
				CLANG_ENABLE_MODULES = YES;
				CLANG_ENABLE_OBJC_ARC = YES;
				CLANG_WARN_BOOL_CONVERSION = YES;
				CLANG_WARN_CONSTANT_CONVERSION = YES;
				CLANG_WARN_DIRECT_OBJC_ISA_USAGE = YES_ERROR;
				CLANG_WARN_EMPTY_BODY = YES;
				CLANG_WARN_ENUM_CONVERSION = YES;
				CLANG_WARN_INT_CONVERSION = YES;
				CLANG_WARN_OBJC_ROOT_CLASS = YES_ERROR;
				CLANG_WARN_UNREACHABLE_CODE = YES;
				CLANG_WARN__DUPLICATE_METHOD_MATCH = YES;
				"CODE_SIGN_IDENTITY[sdk=iphoneos*]" = "iPhone Developer";
				COPY_PHASE_STRIP = NO;
				DEBUG_INFORMATION_FORMAT = "dwarf-with-dsym";
				ENABLE_NS_ASSERTIONS = NO;
				ENABLE_STRICT_OBJC_MSGSEND = YES;
				GCC_C_LANGUAGE_STANDARD = gnu99;
				GCC_NO_COMMON_BLOCKS = YES;
				GCC_WARN_64_TO_32_BIT_CONVERSION = YES;
				GCC_WARN_ABOUT_RETURN_TYPE = YES_ERROR;
				GCC_WARN_UNDECLARED_SELECTOR = YES;
				GCC_WARN_UNINITIALIZED_AUTOS = YES_AGGRESSIVE;
				GCC_WARN_UNUSED_FUNCTION = YES;
				GCC_WARN_UNUSED_VARIABLE = YES;
				IPHONEOS_DEPLOYMENT_TARGET = 8.3;
				MTL_ENABLE_DEBUG_INFO = NO;
				SDKROOT = iphoneos;
				VALIDATE_PRODUCT = YES;
			};
			name = Release;
		};
		C58188931B33741D006E20C1 /* Debug */ = {
			isa = XCBuildConfiguration;
			buildSettings = {
				ASSETCATALOG_COMPILER_APPICON_NAME = AppIcon;
				INFOPLIST_FILE = T1E3JuanGarcia/Info.plist;
				LD_RUNPATH_SEARCH_PATHS = "$(inherited) @executable_path/Frameworks";
				PRODUCT_NAME = "$(TARGET_NAME)";
			};
			name = Debug;
		};
		C58188941B33741D006E20C1 /* Release */ = {
			isa = XCBuildConfiguration;
			buildSettings = {
				ASSETCATALOG_COMPILER_APPICON_NAME = AppIcon;
				INFOPLIST_FILE = T1E3JuanGarcia/Info.plist;
				LD_RUNPATH_SEARCH_PATHS = "$(inherited) @executable_path/Frameworks";
				PRODUCT_NAME = "$(TARGET_NAME)";
			};
			name = Release;
		};
		C58188961B33741D006E20C1 /* Debug */ = {
			isa = XCBuildConfiguration;
			buildSettings = {
				BUNDLE_LOADER = "$(TEST_HOST)";
				FRAMEWORK_SEARCH_PATHS = (
					"$(SDKROOT)/Developer/Library/Frameworks",
					"$(inherited)",
				);
				GCC_PREPROCESSOR_DEFINITIONS = (
					"DEBUG=1",
					"$(inherited)",
				);
				INFOPLIST_FILE = T1E3JuanGarciaTests/Info.plist;
				LD_RUNPATH_SEARCH_PATHS = "$(inherited) @executable_path/Frameworks @loader_path/Frameworks";
				PRODUCT_NAME = "$(TARGET_NAME)";
				TEST_HOST = "$(BUILT_PRODUCTS_DIR)/T1E3JuanGarcia.app/T1E3JuanGarcia";
			};
			name = Debug;
		};
		C58188971B33741D006E20C1 /* Release */ = {
			isa = XCBuildConfiguration;
			buildSettings = {
				BUNDLE_LOADER = "$(TEST_HOST)";
				FRAMEWORK_SEARCH_PATHS = (
					"$(SDKROOT)/Developer/Library/Frameworks",
					"$(inherited)",
				);
				INFOPLIST_FILE = T1E3JuanGarciaTests/Info.plist;
				LD_RUNPATH_SEARCH_PATHS = "$(inherited) @executable_path/Frameworks @loader_path/Frameworks";
				PRODUCT_NAME = "$(TARGET_NAME)";
				TEST_HOST = "$(BUILT_PRODUCTS_DIR)/T1E3JuanGarcia.app/T1E3JuanGarcia";
			};
			name = Release;
		};
/* End XCBuildConfiguration section */

/* Begin XCConfigurationList section */
		C581886E1B33741D006E20C1 /* Build configuration list for PBXProject "T1E3JuanGarcia" */ = {
			isa = XCConfigurationList;
			buildConfigurations = (
				C58188901B33741D006E20C1 /* Debug */,
				C58188911B33741D006E20C1 /* Release */,
			);
			defaultConfigurationIsVisible = 0;
			defaultConfigurationName = Release;
		};
		C58188921B33741D006E20C1 /* Build configuration list for PBXNativeTarget "T1E3JuanGarcia" */ = {
			isa = XCConfigurationList;
			buildConfigurations = (
				C58188931B33741D006E20C1 /* Debug */,
				C58188941B33741D006E20C1 /* Release */,
			);
			defaultConfigurationIsVisible = 0;
		};
		C58188951B33741D006E20C1 /* Build configuration list for PBXNativeTarget "T1E3JuanGarciaTests" */ = {
			isa = XCConfigurationList;
			buildConfigurations = (
				C58188961B33741D006E20C1 /* Debug */,
				C58188971B33741D006E20C1 /* Release */,
			);
			defaultConfigurationIsVisible = 0;
		};
/* End XCConfigurationList section */
	};
	rootObject = C581886B1B33741D006E20C1 /* Project object */;
}
