// !$*UTF8*$!
{
	archiveVersion = 1;
	classes = {
	};
	objectVersion = 46;
	objects = {

/* Begin PBXBuildFile section */
		C581881D1B334700006E20C1 /* AppDelegate.swift in Sources */ = {isa = PBXBuildFile; fileRef = C581881C1B334700006E20C1 /* AppDelegate.swift */; };
		C581881F1B334700006E20C1 /* ViewController.swift in Sources */ = {isa = PBXBuildFile; fileRef = C581881E1B334700006E20C1 /* ViewController.swift */; };
		C58188221B334700006E20C1 /* Main.storyboard in Resources */ = {isa = PBXBuildFile; fileRef = C58188201B334700006E20C1 /* Main.storyboard */; };
		C58188241B334700006E20C1 /* Images.xcassets in Resources */ = {isa = PBXBuildFile; fileRef = C58188231B334700006E20C1 /* Images.xcassets */; };
		C58188271B334700006E20C1 /* LaunchScreen.xib in Resources */ = {isa = PBXBuildFile; fileRef = C58188251B334700006E20C1 /* LaunchScreen.xib */; };
		C58188331B334701006E20C1 /* T1E1JuanGariaTests.swift in Sources */ = {isa = PBXBuildFile; fileRef = C58188321B334701006E20C1 /* T1E1JuanGariaTests.swift */; };
/* End PBXBuildFile section */

/* Begin PBXContainerItemProxy section */
		C581882D1B334701006E20C1 /* PBXContainerItemProxy */ = {
			isa = PBXContainerItemProxy;
			containerPortal = C581880F1B334700006E20C1 /* Project object */;
			proxyType = 1;
			remoteGlobalIDString = C58188161B334700006E20C1;
			remoteInfo = T1E1JuanGaria;
		};
/* End PBXContainerItemProxy section */

/* Begin PBXFileReference section */
		C58188171B334700006E20C1 /* T1E1JuanGaria.app */ = {isa = PBXFileReference; explicitFileType = wrapper.application; includeInIndex = 0; path = T1E1JuanGaria.app; sourceTree = BUILT_PRODUCTS_DIR; };
		C581881B1B334700006E20C1 /* Info.plist */ = {isa = PBXFileReference; lastKnownFileType = text.plist.xml; path = Info.plist; sourceTree = "<group>"; };
		C581881C1B334700006E20C1 /* AppDelegate.swift */ = {isa = PBXFileReference; lastKnownFileType = sourcecode.swift; path = AppDelegate.swift; sourceTree = "<group>"; };
		C581881E1B334700006E20C1 /* ViewController.swift */ = {isa = PBXFileReference; lastKnownFileType = sourcecode.swift; path = ViewController.swift; sourceTree = "<group>"; };
		C58188211B334700006E20C1 /* Base */ = {isa = PBXFileReference; lastKnownFileType = file.storyboard; name = Base; path = Base.lproj/Main.storyboard; sourceTree = "<group>"; };
		C58188231B334700006E20C1 /* Images.xcassets */ = {isa = PBXFileReference; lastKnownFileType = folder.assetcatalog; path = Images.xcassets; sourceTree = "<group>"; };
		C58188261B334700006E20C1 /* Base */ = {isa = PBXFileReference; lastKnownFileType = file.xib; name = Base; path = Base.lproj/LaunchScreen.xib; sourceTree = "<group>"; };
		C581882C1B334701006E20C1 /* T1E1JuanGariaTests.xctest */ = {isa = PBXFileReference; explicitFileType = wrapper.cfbundle; includeInIndex = 0; path = T1E1JuanGariaTests.xctest; sourceTree = BUILT_PRODUCTS_DIR; };
		C58188311B334701006E20C1 /* Info.plist */ = {isa = PBXFileReference; lastKnownFileType = text.plist.xml; path = Info.plist; sourceTree = "<group>"; };
		C58188321B334701006E20C1 /* T1E1JuanGariaTests.swift */ = {isa = PBXFileReference; lastKnownFileType = sourcecode.swift; path = T1E1JuanGariaTests.swift; sourceTree = "<group>"; };
/* End PBXFileReference section */

/* Begin PBXFrameworksBuildPhase section */
		C58188141B334700006E20C1 /* Frameworks */ = {
			isa = PBXFrameworksBuildPhase;
			buildActionMask = 2147483647;
			files = (
			);
			runOnlyForDeploymentPostprocessing = 0;
		};
		C58188291B334701006E20C1 /* Frameworks */ = {
			isa = PBXFrameworksBuildPhase;
			buildActionMask = 2147483647;
			files = (
			);
			runOnlyForDeploymentPostprocessing = 0;
		};
/* End PBXFrameworksBuildPhase section */

/* Begin PBXGroup section */
		C581880E1B334700006E20C1 = {
			isa = PBXGroup;
			children = (
				C58188191B334700006E20C1 /* T1E1JuanGaria */,
				C581882F1B334701006E20C1 /* T1E1JuanGariaTests */,
				C58188181B334700006E20C1 /* Products */,
			);
			sourceTree = "<group>";
		};
		C58188181B334700006E20C1 /* Products */ = {
			isa = PBXGroup;
			children = (
				C58188171B334700006E20C1 /* T1E1JuanGaria.app */,
				C581882C1B334701006E20C1 /* T1E1JuanGariaTests.xctest */,
			);
			name = Products;
			sourceTree = "<group>";
		};
		C58188191B334700006E20C1 /* T1E1JuanGaria */ = {
			isa = PBXGroup;
			children = (
				C581881C1B334700006E20C1 /* AppDelegate.swift */,
				C581881E1B334700006E20C1 /* ViewController.swift */,
				C58188201B334700006E20C1 /* Main.storyboard */,
				C58188231B334700006E20C1 /* Images.xcassets */,
				C58188251B334700006E20C1 /* LaunchScreen.xib */,
				C581881A1B334700006E20C1 /* Supporting Files */,
			);
			path = T1E1JuanGaria;
			sourceTree = "<group>";
		};
		C581881A1B334700006E20C1 /* Supporting Files */ = {
			isa = PBXGroup;
			children = (
				C581881B1B334700006E20C1 /* Info.plist */,
			);
			name = "Supporting Files";
			sourceTree = "<group>";
		};
		C581882F1B334701006E20C1 /* T1E1JuanGariaTests */ = {
			isa = PBXGroup;
			children = (
				C58188321B334701006E20C1 /* T1E1JuanGariaTests.swift */,
				C58188301B334701006E20C1 /* Supporting Files */,
			);
			path = T1E1JuanGariaTests;
			sourceTree = "<group>";
		};
		C58188301B334701006E20C1 /* Supporting Files */ = {
			isa = PBXGroup;
			children = (
				C58188311B334701006E20C1 /* Info.plist */,
			);
			name = "Supporting Files";
			sourceTree = "<group>";
		};
/* End PBXGroup section */

/* Begin PBXNativeTarget section */
		C58188161B334700006E20C1 /* T1E1JuanGaria */ = {
			isa = PBXNativeTarget;
			buildConfigurationList = C58188361B334701006E20C1 /* Build configuration list for PBXNativeTarget "T1E1JuanGaria" */;
			buildPhases = (
				C58188131B334700006E20C1 /* Sources */,
				C58188141B334700006E20C1 /* Frameworks */,
				C58188151B334700006E20C1 /* Resources */,
			);
			buildRules = (
			);
			dependencies = (
			);
			name = T1E1JuanGaria;
			productName = T1E1JuanGaria;
			productReference = C58188171B334700006E20C1 /* T1E1JuanGaria.app */;
			productType = "com.apple.product-type.application";
		};
		C581882B1B334701006E20C1 /* T1E1JuanGariaTests */ = {
			isa = PBXNativeTarget;
			buildConfigurationList = C58188391B334701006E20C1 /* Build configuration list for PBXNativeTarget "T1E1JuanGariaTests" */;
			buildPhases = (
				C58188281B334701006E20C1 /* Sources */,
				C58188291B334701006E20C1 /* Frameworks */,
				C581882A1B334701006E20C1 /* Resources */,
			);
			buildRules = (
			);
			dependencies = (
				C581882E1B334701006E20C1 /* PBXTargetDependency */,
			);
			name = T1E1JuanGariaTests;
			productName = T1E1JuanGariaTests;
			productReference = C581882C1B334701006E20C1 /* T1E1JuanGariaTests.xctest */;
			productType = "com.apple.product-type.bundle.unit-test";
		};
/* End PBXNativeTarget section */

/* Begin PBXProject section */
		C581880F1B334700006E20C1 /* Project object */ = {
			isa = PBXProject;
			attributes = {
				LastUpgradeCheck = 0630;
				ORGANIZATIONNAME = jgd;
				TargetAttributes = {
					C58188161B334700006E20C1 = {
						CreatedOnToolsVersion = 6.3.2;
					};
					C581882B1B334701006E20C1 = {
						CreatedOnToolsVersion = 6.3.2;
						TestTargetID = C58188161B334700006E20C1;
					};
				};
			};
			buildConfigurationList = C58188121B334700006E20C1 /* Build configuration list for PBXProject "T1E1JuanGaria" */;
			compatibilityVersion = "Xcode 3.2";
			developmentRegion = English;
			hasScannedForEncodings = 0;
			knownRegions = (
				en,
				Base,
			);
			mainGroup = C581880E1B334700006E20C1;
			productRefGroup = C58188181B334700006E20C1 /* Products */;
			projectDirPath = "";
			projectRoot = "";
			targets = (
				C58188161B334700006E20C1 /* T1E1JuanGaria */,
				C581882B1B334701006E20C1 /* T1E1JuanGariaTests */,
			);
		};
/* End PBXProject section */

/* Begin PBXResourcesBuildPhase section */
		C58188151B334700006E20C1 /* Resources */ = {
			isa = PBXResourcesBuildPhase;
			buildActionMask = 2147483647;
			files = (
				C58188221B334700006E20C1 /* Main.storyboard in Resources */,
				C58188271B334700006E20C1 /* LaunchScreen.xib in Resources */,
				C58188241B334700006E20C1 /* Images.xcassets in Resources */,
			);
			runOnlyForDeploymentPostprocessing = 0;
		};
		C581882A1B334701006E20C1 /* Resources */ = {
			isa = PBXResourcesBuildPhase;
			buildActionMask = 2147483647;
			files = (
			);
			runOnlyForDeploymentPostprocessing = 0;
		};
/* End PBXResourcesBuildPhase section */

/* Begin PBXSourcesBuildPhase section */
		C58188131B334700006E20C1 /* Sources */ = {
			isa = PBXSourcesBuildPhase;
			buildActionMask = 2147483647;
			files = (
				C581881F1B334700006E20C1 /* ViewController.swift in Sources */,
				C581881D1B334700006E20C1 /* AppDelegate.swift in Sources */,
			);
			runOnlyForDeploymentPostprocessing = 0;
		};
		C58188281B334701006E20C1 /* Sources */ = {
			isa = PBXSourcesBuildPhase;
			buildActionMask = 2147483647;
			files = (
				C58188331B334701006E20C1 /* T1E1JuanGariaTests.swift in Sources */,
			);
			runOnlyForDeploymentPostprocessing = 0;
		};
/* End PBXSourcesBuildPhase section */

/* Begin PBXTargetDependency section */
		C581882E1B334701006E20C1 /* PBXTargetDependency */ = {
			isa = PBXTargetDependency;
			target = C58188161B334700006E20C1 /* T1E1JuanGaria */;
			targetProxy = C581882D1B334701006E20C1 /* PBXContainerItemProxy */;
		};
/* End PBXTargetDependency section */

/* Begin PBXVariantGroup section */
		C58188201B334700006E20C1 /* Main.storyboard */ = {
			isa = PBXVariantGroup;
			children = (
				C58188211B334700006E20C1 /* Base */,
			);
			name = Main.storyboard;
			sourceTree = "<group>";
		};
		C58188251B334700006E20C1 /* LaunchScreen.xib */ = {
			isa = PBXVariantGroup;
			children = (
				C58188261B334700006E20C1 /* Base */,
			);
			name = LaunchScreen.xib;
			sourceTree = "<group>";
		};
/* End PBXVariantGroup section */

/* Begin XCBuildConfiguration section */
		C58188341B334701006E20C1 /* Debug */ = {
			isa = XCBuildConfiguration;
			buildSettings = {
				ALWAYS_SEARCH_USER_PATHS = NO;
				CLANG_CXX_LANGUAGE_STANDARD = "gnu++0x";
				CLANG_CXX_LIBRARY = "libc++";
				CLANG_ENABLE_MODULES = YES;
				CLANG_ENABLE_OBJC_ARC = YES;
				CLANG_WARN_BOOL_CONVERSION = YES;
				CLANG_WARN_CONSTANT_CONVERSION = YES;
				CLANG_WARN_DIRECT_OBJC_ISA_USAGE = YES_ERROR;
				CLANG_WARN_EMPTY_BODY = YES;
				CLANG_WARN_ENUM_CONVERSION = YES;
				CLANG_WARN_INT_CONVERSION = YES;
				CLANG_WARN_OBJC_ROOT_CLASS = YES_ERROR;
				CLANG_WARN_UNREACHABLE_CODE = YES;
				CLANG_WARN__DUPLICATE_METHOD_MATCH = YES;
				"CODE_SIGN_IDENTITY[sdk=iphoneos*]" = "iPhone Developer";
				COPY_PHASE_STRIP = NO;
				DEBUG_INFORMATION_FORMAT = "dwarf-with-dsym";
				ENABLE_STRICT_OBJC_MSGSEND = YES;
				GCC_C_LANGUAGE_STANDARD = gnu99;
				GCC_DYNAMIC_NO_PIC = NO;
				GCC_NO_COMMON_BLOCKS = YES;
				GCC_OPTIMIZATION_LEVEL = 0;
				GCC_PREPROCESSOR_DEFINITIONS = (
					"DEBUG=1",
					"$(inherited)",
				);
				GCC_SYMBOLS_PRIVATE_EXTERN = NO;
				GCC_WARN_64_TO_32_BIT_CONVERSION = YES;
				GCC_WARN_ABOUT_RETURN_TYPE = YES_ERROR;
				GCC_WARN_UNDECLARED_SELECTOR = YES;
				GCC_WARN_UNINITIALIZED_AUTOS = YES_AGGRESSIVE;
				GCC_WARN_UNUSED_FUNCTION = YES;
				GCC_WARN_UNUSED_VARIABLE = YES;
				IPHONEOS_DEPLOYMENT_TARGET = 8.3;
				MTL_ENABLE_DEBUG_INFO = YES;
				ONLY_ACTIVE_ARCH = YES;
				SDKROOT = iphoneos;
				SWIFT_OPTIMIZATION_LEVEL = "-Onone";
			};
			name = Debug;
		};
		C58188351B334701006E20C1 /* Release */ = {
			isa = XCBuildConfiguration;
			buildSettings = {
				ALWAYS_SEARCH_USER_PATHS = NO;
				CLANG_CXX_LANGUAGE_STANDARD = "gnu++0x";
				CLANG_CXX_LIBRARY = "libc++";
				CLANG_ENABLE_MODULES = YES;
				CLANG_ENABLE_OBJC_ARC = YES;
				CLANG_WARN_BOOL_CONVERSION = YES;
				CLANG_WARN_CONSTANT_CONVERSION = YES;
				CLANG_WARN_DIRECT_OBJC_ISA_USAGE = YES_ERROR;
				CLANG_WARN_EMPTY_BODY = YES;
				CLANG_WARN_ENUM_CONVERSION = YES;
				CLANG_WARN_INT_CONVERSION = YES;
				CLANG_WARN_OBJC_ROOT_CLASS = YES_ERROR;
				CLANG_WARN_UNREACHABLE_CODE = YES;
				CLANG_WARN__DUPLICATE_METHOD_MATCH = YES;
				"CODE_SIGN_IDENTITY[sdk=iphoneos*]" = "iPhone Developer";
				COPY_PHASE_STRIP = NO;
				DEBUG_INFORMATION_FORMAT = "dwarf-with-dsym";
				ENABLE_NS_ASSERTIONS = NO;
				ENABLE_STRICT_OBJC_MSGSEND = YES;
				GCC_C_LANGUAGE_STANDARD = gnu99;
				GCC_NO_COMMON_BLOCKS = YES;
				GCC_WARN_64_TO_32_BIT_CONVERSION = YES;
				GCC_WARN_ABOUT_RETURN_TYPE = YES_ERROR;
				GCC_WARN_UNDECLARED_SELECTOR = YES;
				GCC_WARN_UNINITIALIZED_AUTOS = YES_AGGRESSIVE;
				GCC_WARN_UNUSED_FUNCTION = YES;
				GCC_WARN_UNUSED_VARIABLE = YES;
				IPHONEOS_DEPLOYMENT_TARGET = 8.3;
				MTL_ENABLE_DEBUG_INFO = NO;
				SDKROOT = iphoneos;
				VALIDATE_PRODUCT = YES;
			};
			name = Release;
		};
		C58188371B334701006E20C1 /* Debug */ = {
			isa = XCBuildConfiguration;
			buildSettings = {
				ASSETCATALOG_COMPILER_APPICON_NAME = AppIcon;
				INFOPLIST_FILE = T1E1JuanGaria/Info.plist;
				LD_RUNPATH_SEARCH_PATHS = "$(inherited) @executable_path/Frameworks";
				PRODUCT_NAME = "$(TARGET_NAME)";
			};
			name = Debug;
		};
		C58188381B334701006E20C1 /* Release */ = {
			isa = XCBuildConfiguration;
			buildSettings = {
				ASSETCATALOG_COMPILER_APPICON_NAME = AppIcon;
				INFOPLIST_FILE = T1E1JuanGaria/Info.plist;
				LD_RUNPATH_SEARCH_PATHS = "$(inherited) @executable_path/Frameworks";
				PRODUCT_NAME = "$(TARGET_NAME)";
			};
			name = Release;
		};
		C581883A1B334701006E20C1 /* Debug */ = {
			isa = XCBuildConfiguration;
			buildSettings = {
				BUNDLE_LOADER = "$(TEST_HOST)";
				FRAMEWORK_SEARCH_PATHS = (
					"$(SDKROOT)/Developer/Library/Frameworks",
					"$(inherited)",
				);
				GCC_PREPROCESSOR_DEFINITIONS = (
					"DEBUG=1",
					"$(inherited)",
				);
				INFOPLIST_FILE = T1E1JuanGariaTests/Info.plist;
				LD_RUNPATH_SEARCH_PATHS = "$(inherited) @executable_path/Frameworks @loader_path/Frameworks";
				PRODUCT_NAME = "$(TARGET_NAME)";
				TEST_HOST = "$(BUILT_PRODUCTS_DIR)/T1E1JuanGaria.app/T1E1JuanGaria";
			};
			name = Debug;
		};
		C581883B1B334701006E20C1 /* Release */ = {
			isa = XCBuildConfiguration;
			buildSettings = {
				BUNDLE_LOADER = "$(TEST_HOST)";
				FRAMEWORK_SEARCH_PATHS = (
					"$(SDKROOT)/Developer/Library/Frameworks",
					"$(inherited)",
				);
				INFOPLIST_FILE = T1E1JuanGariaTests/Info.plist;
				LD_RUNPATH_SEARCH_PATHS = "$(inherited) @executable_path/Frameworks @loader_path/Frameworks";
				PRODUCT_NAME = "$(TARGET_NAME)";
				TEST_HOST = "$(BUILT_PRODUCTS_DIR)/T1E1JuanGaria.app/T1E1JuanGaria";
			};
			name = Release;
		};
/* End XCBuildConfiguration section */

/* Begin XCConfigurationList section */
		C58188121B334700006E20C1 /* Build configuration list for PBXProject "T1E1JuanGaria" */ = {
			isa = XCConfigurationList;
			buildConfigurations = (
				C58188341B334701006E20C1 /* Debug */,
				C58188351B334701006E20C1 /* Release */,
			);
			defaultConfigurationIsVisible = 0;
			defaultConfigurationName = Release;
		};
		C58188361B334701006E20C1 /* Build configuration list for PBXNativeTarget "T1E1JuanGaria" */ = {
			isa = XCConfigurationList;
			buildConfigurations = (
				C58188371B334701006E20C1 /* Debug */,
				C58188381B334701006E20C1 /* Release */,
			);
			defaultConfigurationIsVisible = 0;
		};
		C58188391B334701006E20C1 /* Build configuration list for PBXNativeTarget "T1E1JuanGariaTests" */ = {
			isa = XCConfigurationList;
			buildConfigurations = (
				C581883A1B334701006E20C1 /* Debug */,
				C581883B1B334701006E20C1 /* Release */,
			);
			defaultConfigurationIsVisible = 0;
		};
/* End XCConfigurationList section */
	};
	rootObject = C581880F1B334700006E20C1 /* Project object */;
}
